// !$*UTF8*$!
{
	archiveVersion = 1;
	classes = {
	};
	objectVersion = 56;
	objects = {

/* Begin PBXBuildFile section */
		ECB6D0922CAA6DC600557850 /* AppDelegate.swift in Sources */ = {isa = PBXBuildFile; fileRef = ECB6D0912CAA6DC600557850 /* AppDelegate.swift */; };
		ECB6D0942CAA6DC600557850 /* SceneDelegate.swift in Sources */ = {isa = PBXBuildFile; fileRef = ECB6D0932CAA6DC600557850 /* SceneDelegate.swift */; };
		ECB6D0962CAA6DC600557850 /* ViewController.swift in Sources */ = {isa = PBXBuildFile; fileRef = ECB6D0952CAA6DC600557850 /* ViewController.swift */; };
		ECB6D0992CAA6DC600557850 /* Base in Resources */ = {isa = PBXBuildFile; fileRef = ECB6D0982CAA6DC600557850 /* Base */; };
		ECB6D09B2CAA6DC700557850 /* Assets.xcassets in Resources */ = {isa = PBXBuildFile; fileRef = ECB6D09A2CAA6DC700557850 /* Assets.xcassets */; };
		ECB6D09E2CAA6DC700557850 /* Base in Resources */ = {isa = PBXBuildFile; fileRef = ECB6D09D2CAA6DC700557850 /* Base */; };
		ECB6D0A92CAA6DC800557850 /* RPSTests.swift in Sources */ = {isa = PBXBuildFile; fileRef = ECB6D0A82CAA6DC800557850 /* RPSTests.swift */; };
		ECB6D0B32CAA6DC800557850 /* RPSUITests.swift in Sources */ = {isa = PBXBuildFile; fileRef = ECB6D0B22CAA6DC800557850 /* RPSUITests.swift */; };
		ECB6D0B52CAA6DC800557850 /* RPSUITestsLaunchTests.swift in Sources */ = {isa = PBXBuildFile; fileRef = ECB6D0B42CAA6DC800557850 /* RPSUITestsLaunchTests.swift */; };
		ECB6D0C42CAA6E8600557850 /* Sign.swift in Sources */ = {isa = PBXBuildFile; fileRef = ECB6D0C32CAA6E8600557850 /* Sign.swift */; };
		ECB6D0C62CAA750900557850 /* GameState.swift in Sources */ = {isa = PBXBuildFile; fileRef = ECB6D0C52CAA750900557850 /* GameState.swift */; };
/* End PBXBuildFile section */

/* Begin PBXContainerItemProxy section */
		ECB6D0A52CAA6DC800557850 /* PBXContainerItemProxy */ = {
			isa = PBXContainerItemProxy;
			containerPortal = ECB6D0862CAA6DC600557850 /* Project object */;
			proxyType = 1;
			remoteGlobalIDString = ECB6D08D2CAA6DC600557850;
			remoteInfo = RPS;
		};
		ECB6D0AF2CAA6DC800557850 /* PBXContainerItemProxy */ = {
			isa = PBXContainerItemProxy;
			containerPortal = ECB6D0862CAA6DC600557850 /* Project object */;
			proxyType = 1;
			remoteGlobalIDString = ECB6D08D2CAA6DC600557850;
			remoteInfo = RPS;
		};
/* End PBXContainerItemProxy section */

/* Begin PBXFileReference section */
		ECB6D08E2CAA6DC600557850 /* RPS.app */ = {isa = PBXFileReference; explicitFileType = wrapper.application; includeInIndex = 0; path = RPS.app; sourceTree = BUILT_PRODUCTS_DIR; };
		ECB6D0912CAA6DC600557850 /* AppDelegate.swift */ = {isa = PBXFileReference; lastKnownFileType = sourcecode.swift; path = AppDelegate.swift; sourceTree = "<group>"; };
		ECB6D0932CAA6DC600557850 /* SceneDelegate.swift */ = {isa = PBXFileReference; lastKnownFileType = sourcecode.swift; path = SceneDelegate.swift; sourceTree = "<group>"; };
		ECB6D0952CAA6DC600557850 /* ViewController.swift */ = {isa = PBXFileReference; lastKnownFileType = sourcecode.swift; path = ViewController.swift; sourceTree = "<group>"; };
		ECB6D0982CAA6DC600557850 /* Base */ = {isa = PBXFileReference; lastKnownFileType = file.storyboard; name = Base; path = Base.lproj/Main.storyboard; sourceTree = "<group>"; };
		ECB6D09A2CAA6DC700557850 /* Assets.xcassets */ = {isa = PBXFileReference; lastKnownFileType = folder.assetcatalog; path = Assets.xcassets; sourceTree = "<group>"; };
		ECB6D09D2CAA6DC700557850 /* Base */ = {isa = PBXFileReference; lastKnownFileType = file.storyboard; name = Base; path = Base.lproj/LaunchScreen.storyboard; sourceTree = "<group>"; };
		ECB6D09F2CAA6DC700557850 /* Info.plist */ = {isa = PBXFileReference; lastKnownFileType = text.plist.xml; path = Info.plist; sourceTree = "<group>"; };
		ECB6D0A42CAA6DC800557850 /* RPSTests.xctest */ = {isa = PBXFileReference; explicitFileType = wrapper.cfbundle; includeInIndex = 0; path = RPSTests.xctest; sourceTree = BUILT_PRODUCTS_DIR; };
		ECB6D0A82CAA6DC800557850 /* RPSTests.swift */ = {isa = PBXFileReference; lastKnownFileType = sourcecode.swift; path = RPSTests.swift; sourceTree = "<group>"; };
		ECB6D0AE2CAA6DC800557850 /* RPSUITests.xctest */ = {isa = PBXFileReference; explicitFileType = wrapper.cfbundle; includeInIndex = 0; path = RPSUITests.xctest; sourceTree = BUILT_PRODUCTS_DIR; };
		ECB6D0B22CAA6DC800557850 /* RPSUITests.swift */ = {isa = PBXFileReference; lastKnownFileType = sourcecode.swift; path = RPSUITests.swift; sourceTree = "<group>"; };
		ECB6D0B42CAA6DC800557850 /* RPSUITestsLaunchTests.swift */ = {isa = PBXFileReference; lastKnownFileType = sourcecode.swift; path = RPSUITestsLaunchTests.swift; sourceTree = "<group>"; };
		ECB6D0C32CAA6E8600557850 /* Sign.swift */ = {isa = PBXFileReference; lastKnownFileType = sourcecode.swift; path = Sign.swift; sourceTree = "<group>"; };
		ECB6D0C52CAA750900557850 /* GameState.swift */ = {isa = PBXFileReference; lastKnownFileType = sourcecode.swift; path = GameState.swift; sourceTree = "<group>"; };
/* End PBXFileReference section */

/* Begin PBXFrameworksBuildPhase section */
		ECB6D08B2CAA6DC600557850 /* Frameworks */ = {
			isa = PBXFrameworksBuildPhase;
			buildActionMask = 2147483647;
			files = (
			);
			runOnlyForDeploymentPostprocessing = 0;
		};
		ECB6D0A12CAA6DC800557850 /* Frameworks */ = {
			isa = PBXFrameworksBuildPhase;
			buildActionMask = 2147483647;
			files = (
			);
			runOnlyForDeploymentPostprocessing = 0;
		};
		ECB6D0AB2CAA6DC800557850 /* Frameworks */ = {
			isa = PBXFrameworksBuildPhase;
			buildActionMask = 2147483647;
			files = (
			);
			runOnlyForDeploymentPostprocessing = 0;
		};
/* End PBXFrameworksBuildPhase section */

/* Begin PBXGroup section */
		ECB6D0852CAA6DC600557850 = {
			isa = PBXGroup;
			children = (
				ECB6D0902CAA6DC600557850 /* RPS */,
				ECB6D0A72CAA6DC800557850 /* RPSTests */,
				ECB6D0B12CAA6DC800557850 /* RPSUITests */,
				ECB6D08F2CAA6DC600557850 /* Products */,
			);
			sourceTree = "<group>";
		};
		ECB6D08F2CAA6DC600557850 /* Products */ = {
			isa = PBXGroup;
			children = (
				ECB6D08E2CAA6DC600557850 /* RPS.app */,
				ECB6D0A42CAA6DC800557850 /* RPSTests.xctest */,
				ECB6D0AE2CAA6DC800557850 /* RPSUITests.xctest */,
			);
			name = Products;
			sourceTree = "<group>";
		};
		ECB6D0902CAA6DC600557850 /* RPS */ = {
			isa = PBXGroup;
			children = (
				ECB6D0912CAA6DC600557850 /* AppDelegate.swift */,
				ECB6D0932CAA6DC600557850 /* SceneDelegate.swift */,
				ECB6D0952CAA6DC600557850 /* ViewController.swift */,
				ECB6D0972CAA6DC600557850 /* Main.storyboard */,
				ECB6D09A2CAA6DC700557850 /* Assets.xcassets */,
				ECB6D09C2CAA6DC700557850 /* LaunchScreen.storyboard */,
				ECB6D09F2CAA6DC700557850 /* Info.plist */,
				ECB6D0C32CAA6E8600557850 /* Sign.swift */,
				ECB6D0C52CAA750900557850 /* GameState.swift */,
			);
			path = RPS;
			sourceTree = "<group>";
		};
		ECB6D0A72CAA6DC800557850 /* RPSTests */ = {
			isa = PBXGroup;
			children = (
				ECB6D0A82CAA6DC800557850 /* RPSTests.swift */,
			);
			path = RPSTests;
			sourceTree = "<group>";
		};
		ECB6D0B12CAA6DC800557850 /* RPSUITests */ = {
			isa = PBXGroup;
			children = (
				ECB6D0B22CAA6DC800557850 /* RPSUITests.swift */,
				ECB6D0B42CAA6DC800557850 /* RPSUITestsLaunchTests.swift */,
			);
			path = RPSUITests;
			sourceTree = "<group>";
		};
/* End PBXGroup section */

/* Begin PBXNativeTarget section */
		ECB6D08D2CAA6DC600557850 /* RPS */ = {
			isa = PBXNativeTarget;
			buildConfigurationList = ECB6D0B82CAA6DC800557850 /* Build configuration list for PBXNativeTarget "RPS" */;
			buildPhases = (
				ECB6D08A2CAA6DC600557850 /* Sources */,
				ECB6D08B2CAA6DC600557850 /* Frameworks */,
				ECB6D08C2CAA6DC600557850 /* Resources */,
			);
			buildRules = (
			);
			dependencies = (
			);
			name = RPS;
			productName = RPS;
			productReference = ECB6D08E2CAA6DC600557850 /* RPS.app */;
			productType = "com.apple.product-type.application";
		};
		ECB6D0A32CAA6DC800557850 /* RPSTests */ = {
			isa = PBXNativeTarget;
			buildConfigurationList = ECB6D0BB2CAA6DC800557850 /* Build configuration list for PBXNativeTarget "RPSTests" */;
			buildPhases = (
				ECB6D0A02CAA6DC800557850 /* Sources */,
				ECB6D0A12CAA6DC800557850 /* Frameworks */,
				ECB6D0A22CAA6DC800557850 /* Resources */,
			);
			buildRules = (
			);
			dependencies = (
				ECB6D0A62CAA6DC800557850 /* PBXTargetDependency */,
			);
			name = RPSTests;
			productName = RPSTests;
			productReference = ECB6D0A42CAA6DC800557850 /* RPSTests.xctest */;
			productType = "com.apple.product-type.bundle.unit-test";
		};
		ECB6D0AD2CAA6DC800557850 /* RPSUITests */ = {
			isa = PBXNativeTarget;
			buildConfigurationList = ECB6D0BE2CAA6DC800557850 /* Build configuration list for PBXNativeTarget "RPSUITests" */;
			buildPhases = (
				ECB6D0AA2CAA6DC800557850 /* Sources */,
				ECB6D0AB2CAA6DC800557850 /* Frameworks */,
				ECB6D0AC2CAA6DC800557850 /* Resources */,
			);
			buildRules = (
			);
			dependencies = (
				ECB6D0B02CAA6DC800557850 /* PBXTargetDependency */,
			);
			name = RPSUITests;
			productName = RPSUITests;
			productReference = ECB6D0AE2CAA6DC800557850 /* RPSUITests.xctest */;
			productType = "com.apple.product-type.bundle.ui-testing";
		};
/* End PBXNativeTarget section */

/* Begin PBXProject section */
		ECB6D0862CAA6DC600557850 /* Project object */ = {
			isa = PBXProject;
			attributes = {
				BuildIndependentTargetsInParallel = 1;
				LastSwiftUpdateCheck = 1540;
				LastUpgradeCheck = 1540;
				TargetAttributes = {
					ECB6D08D2CAA6DC600557850 = {
						CreatedOnToolsVersion = 15.4;
					};
					ECB6D0A32CAA6DC800557850 = {
						CreatedOnToolsVersion = 15.4;
						TestTargetID = ECB6D08D2CAA6DC600557850;
					};
					ECB6D0AD2CAA6DC800557850 = {
						CreatedOnToolsVersion = 15.4;
						TestTargetID = ECB6D08D2CAA6DC600557850;
					};
				};
			};
			buildConfigurationList = ECB6D0892CAA6DC600557850 /* Build configuration list for PBXProject "RPS" */;
			compatibilityVersion = "Xcode 14.0";
			developmentRegion = en;
			hasScannedForEncodings = 0;
			knownRegions = (
				en,
				Base,
			);
			mainGroup = ECB6D0852CAA6DC600557850;
			productRefGroup = ECB6D08F2CAA6DC600557850 /* Products */;
			projectDirPath = "";
			projectRoot = "";
			targets = (
				ECB6D08D2CAA6DC600557850 /* RPS */,
				ECB6D0A32CAA6DC800557850 /* RPSTests */,
				ECB6D0AD2CAA6DC800557850 /* RPSUITests */,
			);
		};
/* End PBXProject section */

/* Begin PBXResourcesBuildPhase section */
		ECB6D08C2CAA6DC600557850 /* Resources */ = {
			isa = PBXResourcesBuildPhase;
			buildActionMask = 2147483647;
			files = (
				ECB6D09B2CAA6DC700557850 /* Assets.xcassets in Resources */,
				ECB6D09E2CAA6DC700557850 /* Base in Resources */,
				ECB6D0992CAA6DC600557850 /* Base in Resources */,
			);
			runOnlyForDeploymentPostprocessing = 0;
		};
		ECB6D0A22CAA6DC800557850 /* Resources */ = {
			isa = PBXResourcesBuildPhase;
			buildActionMask = 2147483647;
			files = (
			);
			runOnlyForDeploymentPostprocessing = 0;
		};
		ECB6D0AC2CAA6DC800557850 /* Resources */ = {
			isa = PBXResourcesBuildPhase;
			buildActionMask = 2147483647;
			files = (
			);
			runOnlyForDeploymentPostprocessing = 0;
		};
/* End PBXResourcesBuildPhase section */

/* Begin PBXSourcesBuildPhase section */
		ECB6D08A2CAA6DC600557850 /* Sources */ = {
			isa = PBXSourcesBuildPhase;
			buildActionMask = 2147483647;
			files = (
				ECB6D0962CAA6DC600557850 /* ViewController.swift in Sources */,
				ECB6D0922CAA6DC600557850 /* AppDelegate.swift in Sources */,
				ECB6D0C62CAA750900557850 /* GameState.swift in Sources */,
				ECB6D0C42CAA6E8600557850 /* Sign.swift in Sources */,
				ECB6D0942CAA6DC600557850 /* SceneDelegate.swift in Sources */,
			);
			runOnlyForDeploymentPostprocessing = 0;
		};
		ECB6D0A02CAA6DC800557850 /* Sources */ = {
			isa = PBXSourcesBuildPhase;
			buildActionMask = 2147483647;
			files = (
				ECB6D0A92CAA6DC800557850 /* RPSTests.swift in Sources */,
			);
			runOnlyForDeploymentPostprocessing = 0;
		};
		ECB6D0AA2CAA6DC800557850 /* Sources */ = {
			isa = PBXSourcesBuildPhase;
			buildActionMask = 2147483647;
			files = (
				ECB6D0B52CAA6DC800557850 /* RPSUITestsLaunchTests.swift in Sources */,
				ECB6D0B32CAA6DC800557850 /* RPSUITests.swift in Sources */,
			);
			runOnlyForDeploymentPostprocessing = 0;
		};
/* End PBXSourcesBuildPhase section */

/* Begin PBXTargetDependency section */
		ECB6D0A62CAA6DC800557850 /* PBXTargetDependency */ = {
			isa = PBXTargetDependency;
			target = ECB6D08D2CAA6DC600557850 /* RPS */;
			targetProxy = ECB6D0A52CAA6DC800557850 /* PBXContainerItemProxy */;
		};
		ECB6D0B02CAA6DC800557850 /* PBXTargetDependency */ = {
			isa = PBXTargetDependency;
			target = ECB6D08D2CAA6DC600557850 /* RPS */;
			targetProxy = ECB6D0AF2CAA6DC800557850 /* PBXContainerItemProxy */;
		};
/* End PBXTargetDependency section */

/* Begin PBXVariantGroup section */
		ECB6D0972CAA6DC600557850 /* Main.storyboard */ = {
			isa = PBXVariantGroup;
			children = (
				ECB6D0982CAA6DC600557850 /* Base */,
			);
			name = Main.storyboard;
			sourceTree = "<group>";
		};
		ECB6D09C2CAA6DC700557850 /* LaunchScreen.storyboard */ = {
			isa = PBXVariantGroup;
			children = (
				ECB6D09D2CAA6DC700557850 /* Base */,
			);
			name = LaunchScreen.storyboard;
			sourceTree = "<group>";
		};
/* End PBXVariantGroup section */

/* Begin XCBuildConfiguration section */
		ECB6D0B62CAA6DC800557850 /* Debug */ = {
			isa = XCBuildConfiguration;
			buildSettings = {
				ALWAYS_SEARCH_USER_PATHS = NO;
				ASSETCATALOG_COMPILER_GENERATE_SWIFT_ASSET_SYMBOL_EXTENSIONS = YES;
				CLANG_ANALYZER_NONNULL = YES;
				CLANG_ANALYZER_NUMBER_OBJECT_CONVERSION = YES_AGGRESSIVE;
				CLANG_CXX_LANGUAGE_STANDARD = "gnu++20";
				CLANG_ENABLE_MODULES = YES;
				CLANG_ENABLE_OBJC_ARC = YES;
				CLANG_ENABLE_OBJC_WEAK = YES;
				CLANG_WARN_BLOCK_CAPTURE_AUTORELEASING = YES;
				CLANG_WARN_BOOL_CONVERSION = YES;
				CLANG_WARN_COMMA = YES;
				CLANG_WARN_CONSTANT_CONVERSION = YES;
				CLANG_WARN_DEPRECATED_OBJC_IMPLEMENTATIONS = YES;
				CLANG_WARN_DIRECT_OBJC_ISA_USAGE = YES_ERROR;
				CLANG_WARN_DOCUMENTATION_COMMENTS = YES;
				CLANG_WARN_EMPTY_BODY = YES;
				CLANG_WARN_ENUM_CONVERSION = YES;
				CLANG_WARN_INFINITE_RECURSION = YES;
				CLANG_WARN_INT_CONVERSION = YES;
				CLANG_WARN_NON_LITERAL_NULL_CONVERSION = YES;
				CLANG_WARN_OBJC_IMPLICIT_RETAIN_SELF = YES;
				CLANG_WARN_OBJC_LITERAL_CONVERSION = YES;
				CLANG_WARN_OBJC_ROOT_CLASS = YES_ERROR;
				CLANG_WARN_QUOTED_INCLUDE_IN_FRAMEWORK_HEADER = YES;
				CLANG_WARN_RANGE_LOOP_ANALYSIS = YES;
				CLANG_WARN_STRICT_PROTOTYPES = YES;
				CLANG_WARN_SUSPICIOUS_MOVE = YES;
				CLANG_WARN_UNGUARDED_AVAILABILITY = YES_AGGRESSIVE;
				CLANG_WARN_UNREACHABLE_CODE = YES;
				CLANG_WARN__DUPLICATE_METHOD_MATCH = YES;
				COPY_PHASE_STRIP = NO;
				DEBUG_INFORMATION_FORMAT = dwarf;
				ENABLE_STRICT_OBJC_MSGSEND = YES;
				ENABLE_TESTABILITY = YES;
				ENABLE_USER_SCRIPT_SANDBOXING = YES;
				GCC_C_LANGUAGE_STANDARD = gnu17;
				GCC_DYNAMIC_NO_PIC = NO;
				GCC_NO_COMMON_BLOCKS = YES;
				GCC_OPTIMIZATION_LEVEL = 0;
				GCC_PREPROCESSOR_DEFINITIONS = (
					"DEBUG=1",
					"$(inherited)",
				);
				GCC_WARN_64_TO_32_BIT_CONVERSION = YES;
				GCC_WARN_ABOUT_RETURN_TYPE = YES_ERROR;
				GCC_WARN_UNDECLARED_SELECTOR = YES;
				GCC_WARN_UNINITIALIZED_AUTOS = YES_AGGRESSIVE;
				GCC_WARN_UNUSED_FUNCTION = YES;
				GCC_WARN_UNUSED_VARIABLE = YES;
				IPHONEOS_DEPLOYMENT_TARGET = 17.5;
				LOCALIZATION_PREFERS_STRING_CATALOGS = YES;
				MTL_ENABLE_DEBUG_INFO = INCLUDE_SOURCE;
				MTL_FAST_MATH = YES;
				ONLY_ACTIVE_ARCH = YES;
				SDKROOT = iphoneos;
				SWIFT_ACTIVE_COMPILATION_CONDITIONS = "DEBUG $(inherited)";
				SWIFT_OPTIMIZATION_LEVEL = "-Onone";
			};
			name = Debug;
		};
		ECB6D0B72CAA6DC800557850 /* Release */ = {
			isa = XCBuildConfiguration;
			buildSettings = {
				ALWAYS_SEARCH_USER_PATHS = NO;
				ASSETCATALOG_COMPILER_GENERATE_SWIFT_ASSET_SYMBOL_EXTENSIONS = YES;
				CLANG_ANALYZER_NONNULL = YES;
				CLANG_ANALYZER_NUMBER_OBJECT_CONVERSION = YES_AGGRESSIVE;
				CLANG_CXX_LANGUAGE_STANDARD = "gnu++20";
				CLANG_ENABLE_MODULES = YES;
				CLANG_ENABLE_OBJC_ARC = YES;
				CLANG_ENABLE_OBJC_WEAK = YES;
				CLANG_WARN_BLOCK_CAPTURE_AUTORELEASING = YES;
				CLANG_WARN_BOOL_CONVERSION = YES;
				CLANG_WARN_COMMA = YES;
				CLANG_WARN_CONSTANT_CONVERSION = YES;
				CLANG_WARN_DEPRECATED_OBJC_IMPLEMENTATIONS = YES;
				CLANG_WARN_DIRECT_OBJC_ISA_USAGE = YES_ERROR;
				CLANG_WARN_DOCUMENTATION_COMMENTS = YES;
				CLANG_WARN_EMPTY_BODY = YES;
				CLANG_WARN_ENUM_CONVERSION = YES;
				CLANG_WARN_INFINITE_RECURSION = YES;
				CLANG_WARN_INT_CONVERSION = YES;
				CLANG_WARN_NON_LITERAL_NULL_CONVERSION = YES;
				CLANG_WARN_OBJC_IMPLICIT_RETAIN_SELF = YES;
				CLANG_WARN_OBJC_LITERAL_CONVERSION = YES;
				CLANG_WARN_OBJC_ROOT_CLASS = YES_ERROR;
				CLANG_WARN_QUOTED_INCLUDE_IN_FRAMEWORK_HEADER = YES;
				CLANG_WARN_RANGE_LOOP_ANALYSIS = YES;
				CLANG_WARN_STRICT_PROTOTYPES = YES;
				CLANG_WARN_SUSPICIOUS_MOVE = YES;
				CLANG_WARN_UNGUARDED_AVAILABILITY = YES_AGGRESSIVE;
				CLANG_WARN_UNREACHABLE_CODE = YES;
				CLANG_WARN__DUPLICATE_METHOD_MATCH = YES;
				COPY_PHASE_STRIP = NO;
				DEBUG_INFORMATION_FORMAT = "dwarf-with-dsym";
				ENABLE_NS_ASSERTIONS = NO;
				ENABLE_STRICT_OBJC_MSGSEND = YES;
				ENABLE_USER_SCRIPT_SANDBOXING = YES;
				GCC_C_LANGUAGE_STANDARD = gnu17;
				GCC_NO_COMMON_BLOCKS = YES;
				GCC_WARN_64_TO_32_BIT_CONVERSION = YES;
				GCC_WARN_ABOUT_RETURN_TYPE = YES_ERROR;
				GCC_WARN_UNDECLARED_SELECTOR = YES;
				GCC_WARN_UNINITIALIZED_AUTOS = YES_AGGRESSIVE;
				GCC_WARN_UNUSED_FUNCTION = YES;
				GCC_WARN_UNUSED_VARIABLE = YES;
				IPHONEOS_DEPLOYMENT_TARGET = 17.5;
				LOCALIZATION_PREFERS_STRING_CATALOGS = YES;
				MTL_ENABLE_DEBUG_INFO = NO;
				MTL_FAST_MATH = YES;
				SDKROOT = iphoneos;
				SWIFT_COMPILATION_MODE = wholemodule;
				VALIDATE_PRODUCT = YES;
			};
			name = Release;
		};
		ECB6D0B92CAA6DC800557850 /* Debug */ = {
			isa = XCBuildConfiguration;
			buildSettings = {
				ASSETCATALOG_COMPILER_APPICON_NAME = AppIcon;
				ASSETCATALOG_COMPILER_GLOBAL_ACCENT_COLOR_NAME = AccentColor;
				CODE_SIGN_STYLE = Automatic;
				CURRENT_PROJECT_VERSION = 1;
				DEVELOPMENT_TEAM = YP2X6UJXCN;
				GENERATE_INFOPLIST_FILE = YES;
				INFOPLIST_FILE = RPS/Info.plist;
				INFOPLIST_KEY_UIApplicationSupportsIndirectInputEvents = YES;
				INFOPLIST_KEY_UILaunchStoryboardName = LaunchScreen;
				INFOPLIST_KEY_UIMainStoryboardFile = Main;
				INFOPLIST_KEY_UISupportedInterfaceOrientations_iPad = "UIInterfaceOrientationPortrait UIInterfaceOrientationPortraitUpsideDown UIInterfaceOrientationLandscapeLeft UIInterfaceOrientationLandscapeRight";
				INFOPLIST_KEY_UISupportedInterfaceOrientations_iPhone = "UIInterfaceOrientationPortrait UIInterfaceOrientationLandscapeLeft UIInterfaceOrientationLandscapeRight";
				LD_RUNPATH_SEARCH_PATHS = (
					"$(inherited)",
					"@executable_path/Frameworks",
				);
				MARKETING_VERSION = 1.0;
				PRODUCT_BUNDLE_IDENTIFIER = com.melispeker.RPS;
				PRODUCT_NAME = "$(TARGET_NAME)";
				SWIFT_EMIT_LOC_STRINGS = YES;
				SWIFT_VERSION = 5.0;
				TARGETED_DEVICE_FAMILY = "1,2";
			};
			name = Debug;
		};
		ECB6D0BA2CAA6DC800557850 /* Release */ = {
			isa = XCBuildConfiguration;
			buildSettings = {
				ASSETCATALOG_COMPILER_APPICON_NAME = AppIcon;
				ASSETCATALOG_COMPILER_GLOBAL_ACCENT_COLOR_NAME = AccentColor;
				CODE_SIGN_STYLE = Automatic;
				CURRENT_PROJECT_VERSION = 1;
				DEVELOPMENT_TEAM = YP2X6UJXCN;
				GENERATE_INFOPLIST_FILE = YES;
				INFOPLIST_FILE = RPS/Info.plist;
				INFOPLIST_KEY_UIApplicationSupportsIndirectInputEvents = YES;
				INFOPLIST_KEY_UILaunchStoryboardName = LaunchScreen;
				INFOPLIST_KEY_UIMainStoryboardFile = Main;
				INFOPLIST_KEY_UISupportedInterfaceOrientations_iPad = "UIInterfaceOrientationPortrait UIInterfaceOrientationPortraitUpsideDown UIInterfaceOrientationLandscapeLeft UIInterfaceOrientationLandscapeRight";
				INFOPLIST_KEY_UISupportedInterfaceOrientations_iPhone = "UIInterfaceOrientationPortrait UIInterfaceOrientationLandscapeLeft UIInterfaceOrientationLandscapeRight";
				LD_RUNPATH_SEARCH_PATHS = (
					"$(inherited)",
					"@executable_path/Frameworks",
				);
				MARKETING_VERSION = 1.0;
				PRODUCT_BUNDLE_IDENTIFIER = com.melispeker.RPS;
				PRODUCT_NAME = "$(TARGET_NAME)";
				SWIFT_EMIT_LOC_STRINGS = YES;
				SWIFT_VERSION = 5.0;
				TARGETED_DEVICE_FAMILY = "1,2";
			};
			name = Release;
		};
		ECB6D0BC2CAA6DC800557850 /* Debug */ = {
			isa = XCBuildConfiguration;
			buildSettings = {
				ALWAYS_EMBED_SWIFT_STANDARD_LIBRARIES = YES;
				BUNDLE_LOADER = "$(TEST_HOST)";
				CODE_SIGN_STYLE = Automatic;
				CURRENT_PROJECT_VERSION = 1;
				DEVELOPMENT_TEAM = YP2X6UJXCN;
				GENERATE_INFOPLIST_FILE = YES;
				IPHONEOS_DEPLOYMENT_TARGET = 17.5;
				MARKETING_VERSION = 1.0;
				PRODUCT_BUNDLE_IDENTIFIER = com.melispeker.RPSTests;
				PRODUCT_NAME = "$(TARGET_NAME)";
				SWIFT_EMIT_LOC_STRINGS = NO;
				SWIFT_VERSION = 5.0;
				TARGETED_DEVICE_FAMILY = "1,2";
				TEST_HOST = "$(BUILT_PRODUCTS_DIR)/RPS.app/$(BUNDLE_EXECUTABLE_FOLDER_PATH)/RPS";
			};
			name = Debug;
		};
		ECB6D0BD2CAA6DC800557850 /* Release */ = {
			isa = XCBuildConfiguration;
			buildSettings = {
				ALWAYS_EMBED_SWIFT_STANDARD_LIBRARIES = YES;
				BUNDLE_LOADER = "$(TEST_HOST)";
				CODE_SIGN_STYLE = Automatic;
				CURRENT_PROJECT_VERSION = 1;
				DEVELOPMENT_TEAM = YP2X6UJXCN;
				GENERATE_INFOPLIST_FILE = YES;
				IPHONEOS_DEPLOYMENT_TARGET = 17.5;
				MARKETING_VERSION = 1.0;
				PRODUCT_BUNDLE_IDENTIFIER = com.melispeker.RPSTests;
				PRODUCT_NAME = "$(TARGET_NAME)";
				SWIFT_EMIT_LOC_STRINGS = NO;
				SWIFT_VERSION = 5.0;
				TARGETED_DEVICE_FAMILY = "1,2";
				TEST_HOST = "$(BUILT_PRODUCTS_DIR)/RPS.app/$(BUNDLE_EXECUTABLE_FOLDER_PATH)/RPS";
			};
			name = Release;
		};
		ECB6D0BF2CAA6DC800557850 /* Debug */ = {
			isa = XCBuildConfiguration;
			buildSettings = {
				ALWAYS_EMBED_SWIFT_STANDARD_LIBRARIES = YES;
				CODE_SIGN_STYLE = Automatic;
				CURRENT_PROJECT_VERSION = 1;
				DEVELOPMENT_TEAM = YP2X6UJXCN;
				GENERATE_INFOPLIST_FILE = YES;
				MARKETING_VERSION = 1.0;
				PRODUCT_BUNDLE_IDENTIFIER = com.melispeker.RPSUITests;
				PRODUCT_NAME = "$(TARGET_NAME)";
				SWIFT_EMIT_LOC_STRINGS = NO;
				SWIFT_VERSION = 5.0;
				TARGETED_DEVICE_FAMILY = "1,2";
				TEST_TARGET_NAME = RPS;
			};
			name = Debug;
		};
		ECB6D0C02CAA6DC800557850 /* Release */ = {
			isa = XCBuildConfiguration;
			buildSettings = {
				ALWAYS_EMBED_SWIFT_STANDARD_LIBRARIES = YES;
				CODE_SIGN_STYLE = Automatic;
				CURRENT_PROJECT_VERSION = 1;
				DEVELOPMENT_TEAM = YP2X6UJXCN;
				GENERATE_INFOPLIST_FILE = YES;
				MARKETING_VERSION = 1.0;
				PRODUCT_BUNDLE_IDENTIFIER = com.melispeker.RPSUITests;
				PRODUCT_NAME = "$(TARGET_NAME)";
				SWIFT_EMIT_LOC_STRINGS = NO;
				SWIFT_VERSION = 5.0;
				TARGETED_DEVICE_FAMILY = "1,2";
				TEST_TARGET_NAME = RPS;
			};
			name = Release;
		};
/* End XCBuildConfiguration section */

/* Begin XCConfigurationList section */
		ECB6D0892CAA6DC600557850 /* Build configuration list for PBXProject "RPS" */ = {
			isa = XCConfigurationList;
			buildConfigurations = (
				ECB6D0B62CAA6DC800557850 /* Debug */,
				ECB6D0B72CAA6DC800557850 /* Release */,
			);
			defaultConfigurationIsVisible = 0;
			defaultConfigurationName = Release;
		};
		ECB6D0B82CAA6DC800557850 /* Build configuration list for PBXNativeTarget "RPS" */ = {
			isa = XCConfigurationList;
			buildConfigurations = (
				ECB6D0B92CAA6DC800557850 /* Debug */,
				ECB6D0BA2CAA6DC800557850 /* Release */,
			);
			defaultConfigurationIsVisible = 0;
			defaultConfigurationName = Release;
		};
		ECB6D0BB2CAA6DC800557850 /* Build configuration list for PBXNativeTarget "RPSTests" */ = {
			isa = XCConfigurationList;
			buildConfigurations = (
				ECB6D0BC2CAA6DC800557850 /* Debug */,
				ECB6D0BD2CAA6DC800557850 /* Release */,
			);
			defaultConfigurationIsVisible = 0;
			defaultConfigurationName = Release;
		};
		ECB6D0BE2CAA6DC800557850 /* Build configuration list for PBXNativeTarget "RPSUITests" */ = {
			isa = XCConfigurationList;
			buildConfigurations = (
				ECB6D0BF2CAA6DC800557850 /* Debug */,
				ECB6D0C02CAA6DC800557850 /* Release */,
			);
			defaultConfigurationIsVisible = 0;
			defaultConfigurationName = Release;
		};
/* End XCConfigurationList section */
	};
	rootObject = ECB6D0862CAA6DC600557850 /* Project object */;
}
